
Microsoft Visual Studio Solution File, Format Version 12.00
# Visual Studio 15
VisualStudioVersion = 15.0.28010.2036
MinimumVisualStudioVersion = 10.0.40219.1
Project("{FAE04EC0-301F-11D3-BF4B-00C04F79EFBC}") = "RPS Game", "RPS Game\RPS Game.csproj", "{200CB792-B60B-4902-A5DD-EC6D5087F82F}"
EndProject
Global
	GlobalSection(SolutionConfigurationPlatforms) = preSolution
		Debug|Any CPU = Debug|Any CPU
		Release|Any CPU = Release|Any CPU
	EndGlobalSection
	GlobalSection(ProjectConfigurationPlatforms) = postSolution
		{200CB792-B60B-4902-A5DD-EC6D5087F82F}.Debug|Any CPU.ActiveCfg = Debug|Any CPU
		{200CB792-B60B-4902-A5DD-EC6D5087F82F}.Debug|Any CPU.Build.0 = Debug|Any CPU
		{200CB792-B60B-4902-A5DD-EC6D5087F82F}.Release|Any CPU.ActiveCfg = Release|Any CPU
		{200CB792-B60B-4902-A5DD-EC6D5087F82F}.Release|Any CPU.Build.0 = Release|Any CPU
	EndGlobalSection
	GlobalSection(SolutionProperties) = preSolution
		HideSolutionNode = FALSE
	EndGlobalSection
	GlobalSection(ExtensibilityGlobals) = postSolution
		SolutionGuid = {61A9429F-CFDF-40AB-ACA4-26B0B19A319A}
	EndGlobalSection
EndGlobal
